
Microsoft Visual Studio Solution File, Format Version 12.00
# Visual Studio 15
VisualStudioVersion = 15.0.28010.2050
MinimumVisualStudioVersion = 10.0.40219.1
Project("{FAE04EC0-301F-11D3-BF4B-00C04F79EFBC}") = "MiCoupon", "MiCoupon.csproj", "{A5AF7819-A127-4777-8C3B-1867485A246B}"
EndProject
Global
	GlobalSection(SolutionConfigurationPlatforms) = preSolution
		Debug|Any CPU = Debug|Any CPU
		Release|Any CPU = Release|Any CPU
	EndGlobalSection
	GlobalSection(ProjectConfigurationPlatforms) = postSolution
		{A5AF7819-A127-4777-8C3B-1867485A246B}.Debug|Any CPU.ActiveCfg = Debug|Any CPU
		{A5AF7819-A127-4777-8C3B-1867485A246B}.Debug|Any CPU.Build.0 = Debug|Any CPU
		{A5AF7819-A127-4777-8C3B-1867485A246B}.Release|Any CPU.ActiveCfg = Release|Any CPU
		{A5AF7819-A127-4777-8C3B-1867485A246B}.Release|Any CPU.Build.0 = Release|Any CPU
	EndGlobalSection
	GlobalSection(SolutionProperties) = preSolution
		HideSolutionNode = FALSE
	EndGlobalSection
	GlobalSection(ExtensibilityGlobals) = postSolution
		SolutionGuid = {1741A711-243D-428C-AF07-83225608AF8A}
	EndGlobalSection
EndGlobal
